
Microsoft Visual Studio Solution File, Format Version 12.00
# Visual Studio Version 16
VisualStudioVersion = 16.0.30804.86
MinimumVisualStudioVersion = 10.0.40219.1
Project("{FAE04EC0-301F-11D3-BF4B-00C04F79EFBC}") = "Adaptör", "Adaptör\Adaptör.csproj", "{2D24182E-CBE0-4BFD-8B07-31F765206A14}"
EndProject
Global
	GlobalSection(SolutionConfigurationPlatforms) = preSolution
		Debug|Any CPU = Debug|Any CPU
		Release|Any CPU = Release|Any CPU
	EndGlobalSection
	GlobalSection(ProjectConfigurationPlatforms) = postSolution
		{2D24182E-CBE0-4BFD-8B07-31F765206A14}.Debug|Any CPU.ActiveCfg = Debug|Any CPU
		{2D24182E-CBE0-4BFD-8B07-31F765206A14}.Debug|Any CPU.Build.0 = Debug|Any CPU
		{2D24182E-CBE0-4BFD-8B07-31F765206A14}.Release|Any CPU.ActiveCfg = Release|Any CPU
		{2D24182E-CBE0-4BFD-8B07-31F765206A14}.Release|Any CPU.Build.0 = Release|Any CPU
	EndGlobalSection
	GlobalSection(SolutionProperties) = preSolution
		HideSolutionNode = FALSE
	EndGlobalSection
	GlobalSection(ExtensibilityGlobals) = postSolution
		SolutionGuid = {3F780C68-C0A1-4A60-B84A-361A1E68ACB2}
	EndGlobalSection
EndGlobal
